
Microsoft Visual Studio Solution File, Format Version 12.00
# Visual Studio Version 17
VisualStudioVersion = 17.8.34511.84
MinimumVisualStudioVersion = 10.0.40219.1
Project("{2150E333-8FDC-42A3-9474-1A3956D46DE8}") = "CleanArch-master", "CleanArch-master", "{FC67829A-59E4-4BBD-8859-D5853B72F55E}"
EndProject
Project("{2150E333-8FDC-42A3-9474-1A3956D46DE8}") = "Persistence", "Persistence", "{50AEFE85-9B97-4319-80DA-B202DAD69BB6}"
EndProject
Project("{2150E333-8FDC-42A3-9474-1A3956D46DE8}") = "Presentation", "Presentation", "{A9F731EC-9CDD-4C70-A2F3-E5EED81040FE}"
EndProject
Project("{2150E333-8FDC-42A3-9474-1A3956D46DE8}") = "Test", "Test", "{BCA32042-3BED-4869-A3E3-678789765BC6}"
EndProject
Project("{9A19103F-16F7-4668-BE54-9A1E7A4F7556}") = "CleanArchicture.Domain", "Domain\CleanArchicture.Domain.csproj", "{C680F3B5-C9D9-49CD-AD78-EAF074877B34}"
EndProject
Project("{9A19103F-16F7-4668-BE54-9A1E7A4F7556}") = "CleanArchicture.Application", "CleanArchicture.Application\CleanArchicture.Application.csproj", "{14423BBA-3E03-4D9D-9562-381E0E917089}"
EndProject
Project("{9A19103F-16F7-4668-BE54-9A1E7A4F7556}") = "CleanArchicture.Persistence", "Persistence\CleanArchicture.Persistence.csproj", "{9255516E-D2B0-4AE4-9ED9-6BC7A57F70FE}"
EndProject
Project("{9A19103F-16F7-4668-BE54-9A1E7A4F7556}") = "CleanArchicture.WebAPI", "CleanArchicture.WebAPI\CleanArchicture.WebAPI.csproj", "{42D90405-7A35-48CB-BE5E-2B09434DBDF2}"
EndProject
Project("{9A19103F-16F7-4668-BE54-9A1E7A4F7556}") = "CleanArchicture.Test", "CleanArchicture.Test\CleanArchicture.Test.csproj", "{942D82F8-2DE8-4C16-B3E9-3F418100AA8D}"
EndProject
Global
	GlobalSection(SolutionConfigurationPlatforms) = preSolution
		Debug|Any CPU = Debug|Any CPU
		Release|Any CPU = Release|Any CPU
	EndGlobalSection
	GlobalSection(ProjectConfigurationPlatforms) = postSolution
		{C680F3B5-C9D9-49CD-AD78-EAF074877B34}.Debug|Any CPU.ActiveCfg = Debug|Any CPU
		{C680F3B5-C9D9-49CD-AD78-EAF074877B34}.Debug|Any CPU.Build.0 = Debug|Any CPU
		{C680F3B5-C9D9-49CD-AD78-EAF074877B34}.Release|Any CPU.ActiveCfg = Release|Any CPU
		{C680F3B5-C9D9-49CD-AD78-EAF074877B34}.Release|Any CPU.Build.0 = Release|Any CPU
		{14423BBA-3E03-4D9D-9562-381E0E917089}.Debug|Any CPU.ActiveCfg = Debug|Any CPU
		{14423BBA-3E03-4D9D-9562-381E0E917089}.Debug|Any CPU.Build.0 = Debug|Any CPU
		{14423BBA-3E03-4D9D-9562-381E0E917089}.Release|Any CPU.ActiveCfg = Release|Any CPU
		{14423BBA-3E03-4D9D-9562-381E0E917089}.Release|Any CPU.Build.0 = Release|Any CPU
		{9255516E-D2B0-4AE4-9ED9-6BC7A57F70FE}.Debug|Any CPU.ActiveCfg = Debug|Any CPU
		{9255516E-D2B0-4AE4-9ED9-6BC7A57F70FE}.Debug|Any CPU.Build.0 = Debug|Any CPU
		{9255516E-D2B0-4AE4-9ED9-6BC7A57F70FE}.Release|Any CPU.ActiveCfg = Release|Any CPU
		{9255516E-D2B0-4AE4-9ED9-6BC7A57F70FE}.Release|Any CPU.Build.0 = Release|Any CPU
		{42D90405-7A35-48CB-BE5E-2B09434DBDF2}.Debug|Any CPU.ActiveCfg = Debug|Any CPU
		{42D90405-7A35-48CB-BE5E-2B09434DBDF2}.Debug|Any CPU.Build.0 = Debug|Any CPU
		{42D90405-7A35-48CB-BE5E-2B09434DBDF2}.Release|Any CPU.ActiveCfg = Release|Any CPU
		{42D90405-7A35-48CB-BE5E-2B09434DBDF2}.Release|Any CPU.Build.0 = Release|Any CPU
		{942D82F8-2DE8-4C16-B3E9-3F418100AA8D}.Debug|Any CPU.ActiveCfg = Debug|Any CPU
		{942D82F8-2DE8-4C16-B3E9-3F418100AA8D}.Debug|Any CPU.Build.0 = Debug|Any CPU
		{942D82F8-2DE8-4C16-B3E9-3F418100AA8D}.Release|Any CPU.ActiveCfg = Release|Any CPU
		{942D82F8-2DE8-4C16-B3E9-3F418100AA8D}.Release|Any CPU.Build.0 = Release|Any CPU
	EndGlobalSection
	GlobalSection(SolutionProperties) = preSolution
		HideSolutionNode = FALSE
	EndGlobalSection
	GlobalSection(NestedProjects) = preSolution
		{C680F3B5-C9D9-49CD-AD78-EAF074877B34} = {FC67829A-59E4-4BBD-8859-D5853B72F55E}
		{14423BBA-3E03-4D9D-9562-381E0E917089} = {FC67829A-59E4-4BBD-8859-D5853B72F55E}
		{9255516E-D2B0-4AE4-9ED9-6BC7A57F70FE} = {50AEFE85-9B97-4319-80DA-B202DAD69BB6}
		{42D90405-7A35-48CB-BE5E-2B09434DBDF2} = {A9F731EC-9CDD-4C70-A2F3-E5EED81040FE}
		{942D82F8-2DE8-4C16-B3E9-3F418100AA8D} = {BCA32042-3BED-4869-A3E3-678789765BC6}
	EndGlobalSection
	GlobalSection(ExtensibilityGlobals) = postSolution
		SolutionGuid = {B5997CB6-FEE0-43B7-8DAD-A9A7EA053C53}
	EndGlobalSection
EndGlobal
